
Microsoft Visual Studio Solution File, Format Version 12.00
# Visual Studio 15
VisualStudioVersion = 15.0.27130.2036
MinimumVisualStudioVersion = 10.0.40219.1
Project("{FAE04EC0-301F-11D3-BF4B-00C04F79EFBC}") = "Course", "Course\Course.csproj", "{4AD63E97-40FF-479E-B28A-9946AD374CA0}"
EndProject
Global
	GlobalSection(SolutionConfigurationPlatforms) = preSolution
		Debug|Any CPU = Debug|Any CPU
		Release|Any CPU = Release|Any CPU
	EndGlobalSection
	GlobalSection(ProjectConfigurationPlatforms) = postSolution
		{4AD63E97-40FF-479E-B28A-9946AD374CA0}.Debug|Any CPU.ActiveCfg = Debug|Any CPU
		{4AD63E97-40FF-479E-B28A-9946AD374CA0}.Debug|Any CPU.Build.0 = Debug|Any CPU
		{4AD63E97-40FF-479E-B28A-9946AD374CA0}.Release|Any CPU.ActiveCfg = Release|Any CPU
		{4AD63E97-40FF-479E-B28A-9946AD374CA0}.Release|Any CPU.Build.0 = Release|Any CPU
	EndGlobalSection
	GlobalSection(SolutionProperties) = preSolution
		HideSolutionNode = FALSE
	EndGlobalSection
	GlobalSection(ExtensibilityGlobals) = postSolution
		SolutionGuid = {EA25AE66-18FF-49AB-8BD9-A7EFD6074A4C}
	EndGlobalSection
EndGlobal
